Microsoft Visual Studio Solution File, Format Version 12.00
# Visual Studio 15
VisualStudioVersion = 15.0.27428.2002
MinimumVisualStudioVersion = 10.0.40219.1
Project("{FAE04EC0-301F-11D3-BF4B-00C04F79EFBC}") = "ModLoader", "ModLoader\ModLoader.csproj", "{1F2AF815-740E-4310-869E-D0544C702389}"
EndProject
Project("{FAE04EC0-301F-11D3-BF4B-00C04F79EFBC}") = "Hook", "Hook\Hook.csproj", "{EE8D1676-E7FD-48F3-9D6E-B339B4365709}"
EndProject
Project("{FAE04EC0-301F-11D3-BF4B-00C04F79EFBC}") = "Injector", "Injector\Injector.csproj", "{60FAC32D-A261-4C4F-A8D6-7DA7B1BA53EA}"
EndProject
Project("{FAE04EC0-301F-11D3-BF4B-00C04F79EFBC}") = "Patches", "Patches\Patches.csproj", "{0A8D7289-BF9D-4110-B512-7DD528DC7EDE}"
EndProject
Project("{FAE04EC0-301F-11D3-BF4B-00C04F79EFBC}") = "SensorsMod", "SensorsMod\SensorsMod.csproj", "{75214DCE-A2BD-403A-806E-A82CC89F7942}"
EndProject
Project("{FAE04EC0-301F-11D3-BF4B-00C04F79EFBC}") = "FastModeMod", "FastModeMod\FastModeMod.csproj", "{FF9011A6-FD08-45B5-AB3E-195C9C804AF8}"
EndProject
Project("{FAE04EC0-301F-11D3-BF4B-00C04F79EFBC}") = "SpeedControlMod", "SpeedControlMod\SpeedControlMod.csproj", "{77E7922A-306F-45E5-B572-FCDB9BA99374}"
EndProject
Project("{FAE04EC0-301F-11D3-BF4B-00C04F79EFBC}") = "MaterialColor", "MaterialColor\MaterialColor.csproj", "{FAAB5987-0B05-4114-808E-6C95D9EEA378}"
EndProject
Global
	GlobalSection(SolutionConfigurationPlatforms) = preSolution
		Debug|Any CPU = Debug|Any CPU
		Release|Any CPU = Release|Any CPU
	EndGlobalSection
	GlobalSection(ProjectConfigurationPlatforms) = postSolution
		{1F2AF815-740E-4310-869E-D0544C702389}.Debug|Any CPU.ActiveCfg = Debug|Any CPU
		{1F2AF815-740E-4310-869E-D0544C702389}.Debug|Any CPU.Build.0 = Debug|Any CPU
		{1F2AF815-740E-4310-869E-D0544C702389}.Release|Any CPU.ActiveCfg = Release|Any CPU
		{1F2AF815-740E-4310-869E-D0544C702389}.Release|Any CPU.Build.0 = Release|Any CPU
		{EE8D1676-E7FD-48F3-9D6E-B339B4365709}.Debug|Any CPU.ActiveCfg = Debug|Any CPU
		{EE8D1676-E7FD-48F3-9D6E-B339B4365709}.Debug|Any CPU.Build.0 = Debug|Any CPU
		{EE8D1676-E7FD-48F3-9D6E-B339B4365709}.Release|Any CPU.ActiveCfg = Release|Any CPU
		{EE8D1676-E7FD-48F3-9D6E-B339B4365709}.Release|Any CPU.Build.0 = Release|Any CPU
		{60FAC32D-A261-4C4F-A8D6-7DA7B1BA53EA}.Debug|Any CPU.ActiveCfg = Debug|Any CPU
		{60FAC32D-A261-4C4F-A8D6-7DA7B1BA53EA}.Debug|Any CPU.Build.0 = Debug|Any CPU
		{60FAC32D-A261-4C4F-A8D6-7DA7B1BA53EA}.Release|Any CPU.ActiveCfg = Release|Any CPU
		{60FAC32D-A261-4C4F-A8D6-7DA7B1BA53EA}.Release|Any CPU.Build.0 = Release|Any CPU
		{0A8D7289-BF9D-4110-B512-7DD528DC7EDE}.Debug|Any CPU.ActiveCfg = Debug|Any CPU
		{0A8D7289-BF9D-4110-B512-7DD528DC7EDE}.Debug|Any CPU.Build.0 = Debug|Any CPU
		{0A8D7289-BF9D-4110-B512-7DD528DC7EDE}.Release|Any CPU.ActiveCfg = Release|Any CPU
		{0A8D7289-BF9D-4110-B512-7DD528DC7EDE}.Release|Any CPU.Build.0 = Release|Any CPU
		{75214DCE-A2BD-403A-806E-A82CC89F7942}.Debug|Any CPU.ActiveCfg = Debug|Any CPU
		{75214DCE-A2BD-403A-806E-A82CC89F7942}.Debug|Any CPU.Build.0 = Debug|Any CPU
		{75214DCE-A2BD-403A-806E-A82CC89F7942}.Release|Any CPU.ActiveCfg = Release|Any CPU
		{75214DCE-A2BD-403A-806E-A82CC89F7942}.Release|Any CPU.Build.0 = Release|Any CPU
		{FF9011A6-FD08-45B5-AB3E-195C9C804AF8}.Debug|Any CPU.ActiveCfg = Debug|Any CPU
		{FF9011A6-FD08-45B5-AB3E-195C9C804AF8}.Debug|Any CPU.Build.0 = Debug|Any CPU
		{FF9011A6-FD08-45B5-AB3E-195C9C804AF8}.Release|Any CPU.ActiveCfg = Release|Any CPU
		{FF9011A6-FD08-45B5-AB3E-195C9C804AF8}.Release|Any CPU.Build.0 = Release|Any CPU
		{77E7922A-306F-45E5-B572-FCDB9BA99374}.Debug|Any CPU.ActiveCfg = Debug|Any CPU
		{77E7922A-306F-45E5-B572-FCDB9BA99374}.Debug|Any CPU.Build.0 = Debug|Any CPU
		{77E7922A-306F-45E5-B572-FCDB9BA99374}.Release|Any CPU.ActiveCfg = Release|Any CPU
		{77E7922A-306F-45E5-B572-FCDB9BA99374}.Release|Any CPU.Build.0 = Release|Any CPU
		{FAAB5987-0B05-4114-808E-6C95D9EEA378}.Debug|Any CPU.ActiveCfg = Debug|Any CPU
		{FAAB5987-0B05-4114-808E-6C95D9EEA378}.Debug|Any CPU.Build.0 = Debug|Any CPU
		{FAAB5987-0B05-4114-808E-6C95D9EEA378}.Release|Any CPU.ActiveCfg = Release|Any CPU
		{FAAB5987-0B05-4114-808E-6C95D9EEA378}.Release|Any CPU.Build.0 = Release|Any CPU
	EndGlobalSection
	GlobalSection(SolutionProperties) = preSolution
		HideSolutionNode = FALSE
	EndGlobalSection
	GlobalSection(ExtensibilityGlobals) = postSolution
		SolutionGuid = {A94F7833-0B5F-4344-90A9-0E26516ED72F}
	EndGlobalSection
EndGlobal
