Microsoft Visual Studio Solution File, Format Version 12.00
# Visual Studio 15
VisualStudioVersion = 15.0.26430.14
MinimumVisualStudioVersion = 10.0.40219.1
Project("{FAE04EC0-301F-11D3-BF4B-00C04F79EFBC}") = "ModLoader", "ModLoader\ModLoader.csproj", "{1F2AF815-740E-4310-869E-D0544C702389}"
EndProject
Project("{FAE04EC0-301F-11D3-BF4B-00C04F79EFBC}") = "Injector", "Injector\Injector.csproj", "{60FAC32D-A261-4C4F-A8D6-7DA7B1BA53EA}"
EndProject
Project("{FAE04EC0-301F-11D3-BF4B-00C04F79EFBC}") = "Patches", "Patches\Patches.csproj", "{0A8D7289-BF9D-4110-B512-7DD528DC7EDE}"
EndProject
Project("{FAE04EC0-301F-11D3-BF4B-00C04F79EFBC}") = "SensorsMod", "SensorsMod\SensorsMod.csproj", "{75214DCE-A2BD-403A-806E-A82CC89F7942}"
EndProject
Project("{FAE04EC0-301F-11D3-BF4B-00C04F79EFBC}") = "FastModeMod", "FastModeMod\FastModeMod.csproj", "{FF9011A6-FD08-45B5-AB3E-195C9C804AF8}"
EndProject
Project("{FAE04EC0-301F-11D3-BF4B-00C04F79EFBC}") = "SpeedControlMod", "SpeedControlMod\SpeedControlMod.csproj", "{77E7922A-306F-45E5-B572-FCDB9BA99374}"
EndProject
Project("{FAE04EC0-301F-11D3-BF4B-00C04F79EFBC}") = "MaterialColor", "MaterialColor\MaterialColor.csproj", "{FAAB5987-0B05-4114-808E-6C95D9EEA378}"
EndProject
Project("{FAE04EC0-301F-11D3-BF4B-00C04F79EFBC}") = "ONI-Common", "ONI-Common\ONI-Common.csproj", "{1208647D-C8C2-48DB-BF29-60C6F3E2B016}"
EndProject
Project("{2150E333-8FDC-42A3-9474-1A3956D46DE8}") = "ONI-Patcher", "ONI-Patcher", "{7167B5F4-71C4-4991-9879-EEBA6CA3AEB2}"
EndProject
Project("{FAE04EC0-301F-11D3-BF4B-00C04F79EFBC}") = "CustomWorldMod", "CustomWorldMod\CustomWorldMod.csproj", "{0D05225C-C127-40DA-9D80-F1BA481B7616}"
EndProject
Project("{FAE04EC0-301F-11D3-BF4B-00C04F79EFBC}") = "DraggablePanelMod", "DraggablePanelMod\DraggablePanelMod.csproj", "{93CDE770-6E29-4B01-B0DD-A3B586FBB111}"
EndProject
Project("{FAE04EC0-301F-11D3-BF4B-00C04F79EFBC}") = "ImprovedGasColourMod", "ImprovedGasColourMod\ImprovedGasColourMod.csproj", "{4475E088-4830-4BB4-BC97-FC8ACC18AFCB}"
EndProject
Project("{FAE04EC0-301F-11D3-BF4B-00C04F79EFBC}") = "CameraControllerMod", "CameraControllerMod\CameraControllerMod.csproj", "{2F67E9DC-1B57-4CD3-8043-0A59DDF81F06}"
EndProject
Project("{FAE04EC0-301F-11D3-BF4B-00C04F79EFBC}") = "StorageLockerMod", "StorageLockerMod\StorageLockerMod.csproj", "{BDDD3B63-D3FE-44B5-9A55-3DE835CC9A43}"
EndProject
Project("{FAE04EC0-301F-11D3-BF4B-00C04F79EFBC}") = "InsulatedDoorsMod", "InsulatedDoorsMod\InsulatedDoorsMod.csproj", "{0D1B0286-01ED-4DB6-9D7B-EF03F4E4C449}"
EndProject
Project("{FAE04EC0-301F-11D3-BF4B-00C04F79EFBC}") = "AlternateOrdersMod", "AlternateOrdersMod\AlternateOrdersMod.csproj", "{9C74ECCA-976C-4DA2-869E-BDBBF59158C5}"
EndProject
Project("{FAE04EC0-301F-11D3-BF4B-00C04F79EFBC}") = "PressureDoorMod", "PressureDoorMod\PressureDoorMod.csproj", "{BE9B1AAD-7C29-441C-912A-44670B473EBA}"
EndProject
Project("{FAE04EC0-301F-11D3-BF4B-00C04F79EFBC}") = "Hook", "Hook\Hook.csproj", "{EE8D1676-E7FD-48F3-9D6E-B339B4365709}"
EndProject
Project("{FAE04EC0-301F-11D3-BF4B-00C04F79EFBC}") = "ElectrolyzerIgnorePressure", "ElectrolyzerIgnorePressure\ElectrolyzerIgnorePressure.csproj", "{AADD9322-B793-4262-AE40-DE72985E2D2C}"
EndProject
Project("{FAE04EC0-301F-11D3-BF4B-00C04F79EFBC}") = "MainMenuResumeGame", "MainMenuResumeGame\MainMenuResumeGame.csproj", "{D3D44AE7-232F-4860-940E-3F1D64EDC631}"
EndProject
Project("{FAE04EC0-301F-11D3-BF4B-00C04F79EFBC}") = "MaxAttributeMultiplier", "MaxAttributeMultiplier\MaxAttributeMultiplier.csproj", "{3419E5FE-6FEE-45A2-8962-94D61B12105F}"
EndProject
Project("{FAE04EC0-301F-11D3-BF4B-00C04F79EFBC}") = "SculptureFlippable", "SculptureFlippable\SculptureFlippable.csproj", "{CAB36736-3B45-4DE4-8255-B2CCA7834DEE}"
EndProject
Project("{FAE04EC0-301F-11D3-BF4B-00C04F79EFBC}") = "WaterPurifierOutputTemp", "WaterPurifierOutputTemp\WaterPurifierOutputTemp.csproj", "{1164E3C6-D5B4-41AB-BCE0-378ACAD80567}"
EndProject
Project("{FAE04EC0-301F-11D3-BF4B-00C04F79EFBC}") = "DefaultDeconstructBuildings", "DefaultDeconstructBuildings\DefaultDeconstructBuildings.csproj", "{03BFE820-D94C-480C-A511-209E0EAD8D6B}"
EndProject
Project("{2150E333-8FDC-42A3-9474-1A3956D46DE8}") = "Mods", "Mods", "{0263B9CC-A5D0-433C-82D2-20AAD99BAE40}"
EndProject
Project("{2150E333-8FDC-42A3-9474-1A3956D46DE8}") = "01_Working", "01_Working", "{8E4312B0-3AE8-42CB-A2ED-CB8E39B39CD4}"
EndProject
Project("{2150E333-8FDC-42A3-9474-1A3956D46DE8}") = "09_untested", "09_untested", "{3DDC5DF0-0321-41EA-B556-022CEE509815}"
EndProject
Project("{2150E333-8FDC-42A3-9474-1A3956D46DE8}") = "10_Experimental", "10_Experimental", "{F23F1C19-7F80-41CC-86F7-F720C6D3C43B}"
EndProject
Global
	GlobalSection(SolutionConfigurationPlatforms) = preSolution
		Debug|Any CPU = Debug|Any CPU
		Debug|x86 = Debug|x86
		Release|Any CPU = Release|Any CPU
		Release|x86 = Release|x86
	EndGlobalSection
	GlobalSection(ProjectConfigurationPlatforms) = postSolution
		{1F2AF815-740E-4310-869E-D0544C702389}.Debug|Any CPU.ActiveCfg = Debug|Any CPU
		{1F2AF815-740E-4310-869E-D0544C702389}.Debug|Any CPU.Build.0 = Debug|Any CPU
		{1F2AF815-740E-4310-869E-D0544C702389}.Debug|x86.ActiveCfg = Debug|Any CPU
		{1F2AF815-740E-4310-869E-D0544C702389}.Debug|x86.Build.0 = Debug|Any CPU
		{1F2AF815-740E-4310-869E-D0544C702389}.Release|Any CPU.ActiveCfg = Release|Any CPU
		{1F2AF815-740E-4310-869E-D0544C702389}.Release|Any CPU.Build.0 = Release|Any CPU
		{1F2AF815-740E-4310-869E-D0544C702389}.Release|x86.ActiveCfg = Release|Any CPU
		{1F2AF815-740E-4310-869E-D0544C702389}.Release|x86.Build.0 = Release|Any CPU
		{60FAC32D-A261-4C4F-A8D6-7DA7B1BA53EA}.Debug|Any CPU.ActiveCfg = Debug|Any CPU
		{60FAC32D-A261-4C4F-A8D6-7DA7B1BA53EA}.Debug|Any CPU.Build.0 = Debug|Any CPU
		{60FAC32D-A261-4C4F-A8D6-7DA7B1BA53EA}.Debug|x86.ActiveCfg = Debug|Any CPU
		{60FAC32D-A261-4C4F-A8D6-7DA7B1BA53EA}.Debug|x86.Build.0 = Debug|Any CPU
		{60FAC32D-A261-4C4F-A8D6-7DA7B1BA53EA}.Release|Any CPU.ActiveCfg = Release|Any CPU
		{60FAC32D-A261-4C4F-A8D6-7DA7B1BA53EA}.Release|Any CPU.Build.0 = Release|Any CPU
		{60FAC32D-A261-4C4F-A8D6-7DA7B1BA53EA}.Release|x86.ActiveCfg = Release|Any CPU
		{60FAC32D-A261-4C4F-A8D6-7DA7B1BA53EA}.Release|x86.Build.0 = Release|Any CPU
		{0A8D7289-BF9D-4110-B512-7DD528DC7EDE}.Debug|Any CPU.ActiveCfg = Debug|Any CPU
		{0A8D7289-BF9D-4110-B512-7DD528DC7EDE}.Debug|Any CPU.Build.0 = Debug|Any CPU
		{0A8D7289-BF9D-4110-B512-7DD528DC7EDE}.Debug|x86.ActiveCfg = Debug|Any CPU
		{0A8D7289-BF9D-4110-B512-7DD528DC7EDE}.Debug|x86.Build.0 = Debug|Any CPU
		{0A8D7289-BF9D-4110-B512-7DD528DC7EDE}.Release|Any CPU.ActiveCfg = Release|Any CPU
		{0A8D7289-BF9D-4110-B512-7DD528DC7EDE}.Release|Any CPU.Build.0 = Release|Any CPU
		{0A8D7289-BF9D-4110-B512-7DD528DC7EDE}.Release|x86.ActiveCfg = Release|Any CPU
		{0A8D7289-BF9D-4110-B512-7DD528DC7EDE}.Release|x86.Build.0 = Release|Any CPU
		{75214DCE-A2BD-403A-806E-A82CC89F7942}.Debug|Any CPU.ActiveCfg = Debug|Any CPU
		{75214DCE-A2BD-403A-806E-A82CC89F7942}.Debug|Any CPU.Build.0 = Debug|Any CPU
		{75214DCE-A2BD-403A-806E-A82CC89F7942}.Debug|x86.ActiveCfg = Debug|Any CPU
		{75214DCE-A2BD-403A-806E-A82CC89F7942}.Debug|x86.Build.0 = Debug|Any CPU
		{75214DCE-A2BD-403A-806E-A82CC89F7942}.Release|Any CPU.ActiveCfg = Release|Any CPU
		{75214DCE-A2BD-403A-806E-A82CC89F7942}.Release|Any CPU.Build.0 = Release|Any CPU
		{75214DCE-A2BD-403A-806E-A82CC89F7942}.Release|x86.ActiveCfg = Release|Any CPU
		{75214DCE-A2BD-403A-806E-A82CC89F7942}.Release|x86.Build.0 = Release|Any CPU
		{FF9011A6-FD08-45B5-AB3E-195C9C804AF8}.Debug|Any CPU.ActiveCfg = Debug|Any CPU
		{FF9011A6-FD08-45B5-AB3E-195C9C804AF8}.Debug|Any CPU.Build.0 = Debug|Any CPU
		{FF9011A6-FD08-45B5-AB3E-195C9C804AF8}.Debug|x86.ActiveCfg = Debug|Any CPU
		{FF9011A6-FD08-45B5-AB3E-195C9C804AF8}.Debug|x86.Build.0 = Debug|Any CPU
		{FF9011A6-FD08-45B5-AB3E-195C9C804AF8}.Release|Any CPU.ActiveCfg = Release|Any CPU
		{FF9011A6-FD08-45B5-AB3E-195C9C804AF8}.Release|Any CPU.Build.0 = Release|Any CPU
		{FF9011A6-FD08-45B5-AB3E-195C9C804AF8}.Release|x86.ActiveCfg = Release|Any CPU
		{FF9011A6-FD08-45B5-AB3E-195C9C804AF8}.Release|x86.Build.0 = Release|Any CPU
		{77E7922A-306F-45E5-B572-FCDB9BA99374}.Debug|Any CPU.ActiveCfg = Debug|Any CPU
		{77E7922A-306F-45E5-B572-FCDB9BA99374}.Debug|Any CPU.Build.0 = Debug|Any CPU
		{77E7922A-306F-45E5-B572-FCDB9BA99374}.Debug|x86.ActiveCfg = Debug|Any CPU
		{77E7922A-306F-45E5-B572-FCDB9BA99374}.Debug|x86.Build.0 = Debug|Any CPU
		{77E7922A-306F-45E5-B572-FCDB9BA99374}.Release|Any CPU.ActiveCfg = Release|Any CPU
		{77E7922A-306F-45E5-B572-FCDB9BA99374}.Release|Any CPU.Build.0 = Release|Any CPU
		{77E7922A-306F-45E5-B572-FCDB9BA99374}.Release|x86.ActiveCfg = Release|Any CPU
		{77E7922A-306F-45E5-B572-FCDB9BA99374}.Release|x86.Build.0 = Release|Any CPU
		{FAAB5987-0B05-4114-808E-6C95D9EEA378}.Debug|Any CPU.ActiveCfg = Debug|Any CPU
		{FAAB5987-0B05-4114-808E-6C95D9EEA378}.Debug|Any CPU.Build.0 = Debug|Any CPU
		{FAAB5987-0B05-4114-808E-6C95D9EEA378}.Debug|x86.ActiveCfg = Debug|Any CPU
		{FAAB5987-0B05-4114-808E-6C95D9EEA378}.Debug|x86.Build.0 = Debug|Any CPU
		{FAAB5987-0B05-4114-808E-6C95D9EEA378}.Release|Any CPU.ActiveCfg = Release|Any CPU
		{FAAB5987-0B05-4114-808E-6C95D9EEA378}.Release|Any CPU.Build.0 = Release|Any CPU
		{FAAB5987-0B05-4114-808E-6C95D9EEA378}.Release|x86.ActiveCfg = Release|Any CPU
		{FAAB5987-0B05-4114-808E-6C95D9EEA378}.Release|x86.Build.0 = Release|Any CPU
		{1208647D-C8C2-48DB-BF29-60C6F3E2B016}.Debug|Any CPU.ActiveCfg = Patching|Any CPU
		{1208647D-C8C2-48DB-BF29-60C6F3E2B016}.Debug|Any CPU.Build.0 = Patching|Any CPU
		{1208647D-C8C2-48DB-BF29-60C6F3E2B016}.Debug|x86.ActiveCfg = Release|Any CPU
		{1208647D-C8C2-48DB-BF29-60C6F3E2B016}.Debug|x86.Build.0 = Release|Any CPU
		{1208647D-C8C2-48DB-BF29-60C6F3E2B016}.Release|Any CPU.ActiveCfg = Release|Any CPU
		{1208647D-C8C2-48DB-BF29-60C6F3E2B016}.Release|Any CPU.Build.0 = Release|Any CPU
		{1208647D-C8C2-48DB-BF29-60C6F3E2B016}.Release|x86.ActiveCfg = Release|Any CPU
		{1208647D-C8C2-48DB-BF29-60C6F3E2B016}.Release|x86.Build.0 = Release|Any CPU
		{0D05225C-C127-40DA-9D80-F1BA481B7616}.Debug|Any CPU.ActiveCfg = Debug|Any CPU
		{0D05225C-C127-40DA-9D80-F1BA481B7616}.Debug|Any CPU.Build.0 = Debug|Any CPU
		{0D05225C-C127-40DA-9D80-F1BA481B7616}.Debug|x86.ActiveCfg = Debug|Any CPU
		{0D05225C-C127-40DA-9D80-F1BA481B7616}.Debug|x86.Build.0 = Debug|Any CPU
		{0D05225C-C127-40DA-9D80-F1BA481B7616}.Release|Any CPU.ActiveCfg = Release|Any CPU
		{0D05225C-C127-40DA-9D80-F1BA481B7616}.Release|Any CPU.Build.0 = Release|Any CPU
		{0D05225C-C127-40DA-9D80-F1BA481B7616}.Release|x86.ActiveCfg = Release|Any CPU
		{0D05225C-C127-40DA-9D80-F1BA481B7616}.Release|x86.Build.0 = Release|Any CPU
		{93CDE770-6E29-4B01-B0DD-A3B586FBB111}.Debug|Any CPU.ActiveCfg = Debug|Any CPU
		{93CDE770-6E29-4B01-B0DD-A3B586FBB111}.Debug|Any CPU.Build.0 = Debug|Any CPU
		{93CDE770-6E29-4B01-B0DD-A3B586FBB111}.Debug|x86.ActiveCfg = Debug|Any CPU
		{93CDE770-6E29-4B01-B0DD-A3B586FBB111}.Debug|x86.Build.0 = Debug|Any CPU
		{93CDE770-6E29-4B01-B0DD-A3B586FBB111}.Release|Any CPU.ActiveCfg = Release|Any CPU
		{93CDE770-6E29-4B01-B0DD-A3B586FBB111}.Release|Any CPU.Build.0 = Release|Any CPU
		{93CDE770-6E29-4B01-B0DD-A3B586FBB111}.Release|x86.ActiveCfg = Release|Any CPU
		{93CDE770-6E29-4B01-B0DD-A3B586FBB111}.Release|x86.Build.0 = Release|Any CPU
		{4475E088-4830-4BB4-BC97-FC8ACC18AFCB}.Debug|Any CPU.ActiveCfg = Debug|Any CPU
		{4475E088-4830-4BB4-BC97-FC8ACC18AFCB}.Debug|Any CPU.Build.0 = Debug|Any CPU
		{4475E088-4830-4BB4-BC97-FC8ACC18AFCB}.Debug|x86.ActiveCfg = Debug|Any CPU
		{4475E088-4830-4BB4-BC97-FC8ACC18AFCB}.Debug|x86.Build.0 = Debug|Any CPU
		{4475E088-4830-4BB4-BC97-FC8ACC18AFCB}.Release|Any CPU.ActiveCfg = Release|Any CPU
		{4475E088-4830-4BB4-BC97-FC8ACC18AFCB}.Release|Any CPU.Build.0 = Release|Any CPU
		{4475E088-4830-4BB4-BC97-FC8ACC18AFCB}.Release|x86.ActiveCfg = Release|Any CPU
		{4475E088-4830-4BB4-BC97-FC8ACC18AFCB}.Release|x86.Build.0 = Release|Any CPU
		{2F67E9DC-1B57-4CD3-8043-0A59DDF81F06}.Debug|Any CPU.ActiveCfg = Debug|Any CPU
		{2F67E9DC-1B57-4CD3-8043-0A59DDF81F06}.Debug|Any CPU.Build.0 = Debug|Any CPU
		{2F67E9DC-1B57-4CD3-8043-0A59DDF81F06}.Debug|x86.ActiveCfg = Debug|Any CPU
		{2F67E9DC-1B57-4CD3-8043-0A59DDF81F06}.Debug|x86.Build.0 = Debug|Any CPU
		{2F67E9DC-1B57-4CD3-8043-0A59DDF81F06}.Release|Any CPU.ActiveCfg = Release|Any CPU
		{2F67E9DC-1B57-4CD3-8043-0A59DDF81F06}.Release|Any CPU.Build.0 = Release|Any CPU
		{2F67E9DC-1B57-4CD3-8043-0A59DDF81F06}.Release|x86.ActiveCfg = Release|Any CPU
		{2F67E9DC-1B57-4CD3-8043-0A59DDF81F06}.Release|x86.Build.0 = Release|Any CPU
		{BDDD3B63-D3FE-44B5-9A55-3DE835CC9A43}.Debug|Any CPU.ActiveCfg = Debug|Any CPU
		{BDDD3B63-D3FE-44B5-9A55-3DE835CC9A43}.Debug|Any CPU.Build.0 = Debug|Any CPU
		{BDDD3B63-D3FE-44B5-9A55-3DE835CC9A43}.Debug|x86.ActiveCfg = Debug|Any CPU
		{BDDD3B63-D3FE-44B5-9A55-3DE835CC9A43}.Debug|x86.Build.0 = Debug|Any CPU
		{BDDD3B63-D3FE-44B5-9A55-3DE835CC9A43}.Release|Any CPU.ActiveCfg = Release|Any CPU
		{BDDD3B63-D3FE-44B5-9A55-3DE835CC9A43}.Release|Any CPU.Build.0 = Release|Any CPU
		{BDDD3B63-D3FE-44B5-9A55-3DE835CC9A43}.Release|x86.ActiveCfg = Release|Any CPU
		{BDDD3B63-D3FE-44B5-9A55-3DE835CC9A43}.Release|x86.Build.0 = Release|Any CPU
		{0D1B0286-01ED-4DB6-9D7B-EF03F4E4C449}.Debug|Any CPU.ActiveCfg = Debug|Any CPU
		{0D1B0286-01ED-4DB6-9D7B-EF03F4E4C449}.Debug|Any CPU.Build.0 = Debug|Any CPU
		{0D1B0286-01ED-4DB6-9D7B-EF03F4E4C449}.Debug|x86.ActiveCfg = Debug|Any CPU
		{0D1B0286-01ED-4DB6-9D7B-EF03F4E4C449}.Debug|x86.Build.0 = Debug|Any CPU
		{0D1B0286-01ED-4DB6-9D7B-EF03F4E4C449}.Release|Any CPU.ActiveCfg = Release|Any CPU
		{0D1B0286-01ED-4DB6-9D7B-EF03F4E4C449}.Release|Any CPU.Build.0 = Release|Any CPU
		{0D1B0286-01ED-4DB6-9D7B-EF03F4E4C449}.Release|x86.ActiveCfg = Release|Any CPU
		{0D1B0286-01ED-4DB6-9D7B-EF03F4E4C449}.Release|x86.Build.0 = Release|Any CPU
		{9C74ECCA-976C-4DA2-869E-BDBBF59158C5}.Debug|Any CPU.ActiveCfg = Debug|Any CPU
		{9C74ECCA-976C-4DA2-869E-BDBBF59158C5}.Debug|Any CPU.Build.0 = Debug|Any CPU
		{9C74ECCA-976C-4DA2-869E-BDBBF59158C5}.Debug|x86.ActiveCfg = Debug|Any CPU
		{9C74ECCA-976C-4DA2-869E-BDBBF59158C5}.Debug|x86.Build.0 = Debug|Any CPU
		{9C74ECCA-976C-4DA2-869E-BDBBF59158C5}.Release|Any CPU.ActiveCfg = Release|Any CPU
		{9C74ECCA-976C-4DA2-869E-BDBBF59158C5}.Release|Any CPU.Build.0 = Release|Any CPU
		{9C74ECCA-976C-4DA2-869E-BDBBF59158C5}.Release|x86.ActiveCfg = Release|Any CPU
		{9C74ECCA-976C-4DA2-869E-BDBBF59158C5}.Release|x86.Build.0 = Release|Any CPU
		{BE9B1AAD-7C29-441C-912A-44670B473EBA}.Debug|Any CPU.ActiveCfg = Debug|Any CPU
		{BE9B1AAD-7C29-441C-912A-44670B473EBA}.Debug|Any CPU.Build.0 = Debug|Any CPU
		{BE9B1AAD-7C29-441C-912A-44670B473EBA}.Debug|x86.ActiveCfg = Debug|Any CPU
		{BE9B1AAD-7C29-441C-912A-44670B473EBA}.Debug|x86.Build.0 = Debug|Any CPU
		{BE9B1AAD-7C29-441C-912A-44670B473EBA}.Release|Any CPU.ActiveCfg = Release|Any CPU
		{BE9B1AAD-7C29-441C-912A-44670B473EBA}.Release|Any CPU.Build.0 = Release|Any CPU
		{BE9B1AAD-7C29-441C-912A-44670B473EBA}.Release|x86.ActiveCfg = Release|Any CPU
		{BE9B1AAD-7C29-441C-912A-44670B473EBA}.Release|x86.Build.0 = Release|Any CPU
		{EE8D1676-E7FD-48F3-9D6E-B339B4365709}.Debug|Any CPU.ActiveCfg = Debug|Any CPU
		{EE8D1676-E7FD-48F3-9D6E-B339B4365709}.Debug|Any CPU.Build.0 = Debug|Any CPU
		{EE8D1676-E7FD-48F3-9D6E-B339B4365709}.Debug|x86.ActiveCfg = Debug|Any CPU
		{EE8D1676-E7FD-48F3-9D6E-B339B4365709}.Debug|x86.Build.0 = Debug|Any CPU
		{EE8D1676-E7FD-48F3-9D6E-B339B4365709}.Release|Any CPU.ActiveCfg = Release|Any CPU
		{EE8D1676-E7FD-48F3-9D6E-B339B4365709}.Release|Any CPU.Build.0 = Release|Any CPU
		{EE8D1676-E7FD-48F3-9D6E-B339B4365709}.Release|x86.ActiveCfg = Release|Any CPU
		{EE8D1676-E7FD-48F3-9D6E-B339B4365709}.Release|x86.Build.0 = Release|Any CPU
		{AADD9322-B793-4262-AE40-DE72985E2D2C}.Debug|Any CPU.ActiveCfg = Debug|Any CPU
		{AADD9322-B793-4262-AE40-DE72985E2D2C}.Debug|Any CPU.Build.0 = Debug|Any CPU
		{AADD9322-B793-4262-AE40-DE72985E2D2C}.Debug|x86.ActiveCfg = Debug|Any CPU
		{AADD9322-B793-4262-AE40-DE72985E2D2C}.Debug|x86.Build.0 = Debug|Any CPU
		{AADD9322-B793-4262-AE40-DE72985E2D2C}.Release|Any CPU.ActiveCfg = Release|Any CPU
		{AADD9322-B793-4262-AE40-DE72985E2D2C}.Release|Any CPU.Build.0 = Release|Any CPU
		{AADD9322-B793-4262-AE40-DE72985E2D2C}.Release|x86.ActiveCfg = Release|Any CPU
		{AADD9322-B793-4262-AE40-DE72985E2D2C}.Release|x86.Build.0 = Release|Any CPU
		{D3D44AE7-232F-4860-940E-3F1D64EDC631}.Debug|Any CPU.ActiveCfg = Debug|Any CPU
		{D3D44AE7-232F-4860-940E-3F1D64EDC631}.Debug|Any CPU.Build.0 = Debug|Any CPU
		{D3D44AE7-232F-4860-940E-3F1D64EDC631}.Debug|x86.ActiveCfg = Debug|Any CPU
		{D3D44AE7-232F-4860-940E-3F1D64EDC631}.Debug|x86.Build.0 = Debug|Any CPU
		{D3D44AE7-232F-4860-940E-3F1D64EDC631}.Release|Any CPU.ActiveCfg = Release|Any CPU
		{D3D44AE7-232F-4860-940E-3F1D64EDC631}.Release|Any CPU.Build.0 = Release|Any CPU
		{D3D44AE7-232F-4860-940E-3F1D64EDC631}.Release|x86.ActiveCfg = Release|Any CPU
		{D3D44AE7-232F-4860-940E-3F1D64EDC631}.Release|x86.Build.0 = Release|Any CPU
		{3419E5FE-6FEE-45A2-8962-94D61B12105F}.Debug|Any CPU.ActiveCfg = Debug|Any CPU
		{3419E5FE-6FEE-45A2-8962-94D61B12105F}.Debug|Any CPU.Build.0 = Debug|Any CPU
		{3419E5FE-6FEE-45A2-8962-94D61B12105F}.Debug|x86.ActiveCfg = Debug|Any CPU
		{3419E5FE-6FEE-45A2-8962-94D61B12105F}.Debug|x86.Build.0 = Debug|Any CPU
		{3419E5FE-6FEE-45A2-8962-94D61B12105F}.Release|Any CPU.ActiveCfg = Release|Any CPU
		{3419E5FE-6FEE-45A2-8962-94D61B12105F}.Release|Any CPU.Build.0 = Release|Any CPU
		{3419E5FE-6FEE-45A2-8962-94D61B12105F}.Release|x86.ActiveCfg = Release|Any CPU
		{3419E5FE-6FEE-45A2-8962-94D61B12105F}.Release|x86.Build.0 = Release|Any CPU
		{CAB36736-3B45-4DE4-8255-B2CCA7834DEE}.Debug|Any CPU.ActiveCfg = Debug|Any CPU
		{CAB36736-3B45-4DE4-8255-B2CCA7834DEE}.Debug|Any CPU.Build.0 = Debug|Any CPU
		{CAB36736-3B45-4DE4-8255-B2CCA7834DEE}.Debug|x86.ActiveCfg = Debug|Any CPU
		{CAB36736-3B45-4DE4-8255-B2CCA7834DEE}.Debug|x86.Build.0 = Debug|Any CPU
		{CAB36736-3B45-4DE4-8255-B2CCA7834DEE}.Release|Any CPU.ActiveCfg = Release|Any CPU
		{CAB36736-3B45-4DE4-8255-B2CCA7834DEE}.Release|Any CPU.Build.0 = Release|Any CPU
		{CAB36736-3B45-4DE4-8255-B2CCA7834DEE}.Release|x86.ActiveCfg = Release|Any CPU
		{CAB36736-3B45-4DE4-8255-B2CCA7834DEE}.Release|x86.Build.0 = Release|Any CPU
		{1164E3C6-D5B4-41AB-BCE0-378ACAD80567}.Debug|Any CPU.ActiveCfg = Debug|Any CPU
		{1164E3C6-D5B4-41AB-BCE0-378ACAD80567}.Debug|Any CPU.Build.0 = Debug|Any CPU
		{1164E3C6-D5B4-41AB-BCE0-378ACAD80567}.Debug|x86.ActiveCfg = Debug|Any CPU
		{1164E3C6-D5B4-41AB-BCE0-378ACAD80567}.Debug|x86.Build.0 = Debug|Any CPU
		{1164E3C6-D5B4-41AB-BCE0-378ACAD80567}.Release|Any CPU.ActiveCfg = Release|Any CPU
		{1164E3C6-D5B4-41AB-BCE0-378ACAD80567}.Release|Any CPU.Build.0 = Release|Any CPU
		{1164E3C6-D5B4-41AB-BCE0-378ACAD80567}.Release|x86.ActiveCfg = Release|Any CPU
		{1164E3C6-D5B4-41AB-BCE0-378ACAD80567}.Release|x86.Build.0 = Release|Any CPU
		{03BFE820-D94C-480C-A511-209E0EAD8D6B}.Debug|Any CPU.ActiveCfg = Debug|Any CPU
		{03BFE820-D94C-480C-A511-209E0EAD8D6B}.Debug|Any CPU.Build.0 = Debug|Any CPU
		{03BFE820-D94C-480C-A511-209E0EAD8D6B}.Debug|x86.ActiveCfg = Debug|Any CPU
		{03BFE820-D94C-480C-A511-209E0EAD8D6B}.Debug|x86.Build.0 = Debug|Any CPU
		{03BFE820-D94C-480C-A511-209E0EAD8D6B}.Release|Any CPU.ActiveCfg = Release|Any CPU
		{03BFE820-D94C-480C-A511-209E0EAD8D6B}.Release|Any CPU.Build.0 = Release|Any CPU
		{03BFE820-D94C-480C-A511-209E0EAD8D6B}.Release|x86.ActiveCfg = Release|Any CPU
		{03BFE820-D94C-480C-A511-209E0EAD8D6B}.Release|x86.Build.0 = Release|Any CPU
	EndGlobalSection
	GlobalSection(SolutionProperties) = preSolution
		HideSolutionNode = FALSE
	EndGlobalSection
	GlobalSection(NestedProjects) = preSolution
		{60FAC32D-A261-4C4F-A8D6-7DA7B1BA53EA} = {7167B5F4-71C4-4991-9879-EEBA6CA3AEB2}
		{0A8D7289-BF9D-4110-B512-7DD528DC7EDE} = {F23F1C19-7F80-41CC-86F7-F720C6D3C43B}
		{75214DCE-A2BD-403A-806E-A82CC89F7942} = {8E4312B0-3AE8-42CB-A2ED-CB8E39B39CD4}
		{FF9011A6-FD08-45B5-AB3E-195C9C804AF8} = {8E4312B0-3AE8-42CB-A2ED-CB8E39B39CD4}
		{77E7922A-306F-45E5-B572-FCDB9BA99374} = {8E4312B0-3AE8-42CB-A2ED-CB8E39B39CD4}
		{FAAB5987-0B05-4114-808E-6C95D9EEA378} = {8E4312B0-3AE8-42CB-A2ED-CB8E39B39CD4}
		{1208647D-C8C2-48DB-BF29-60C6F3E2B016} = {7167B5F4-71C4-4991-9879-EEBA6CA3AEB2}
		{0D05225C-C127-40DA-9D80-F1BA481B7616} = {8E4312B0-3AE8-42CB-A2ED-CB8E39B39CD4}
		{93CDE770-6E29-4B01-B0DD-A3B586FBB111} = {8E4312B0-3AE8-42CB-A2ED-CB8E39B39CD4}
		{4475E088-4830-4BB4-BC97-FC8ACC18AFCB} = {8E4312B0-3AE8-42CB-A2ED-CB8E39B39CD4}
		{2F67E9DC-1B57-4CD3-8043-0A59DDF81F06} = {8E4312B0-3AE8-42CB-A2ED-CB8E39B39CD4}
		{BDDD3B63-D3FE-44B5-9A55-3DE835CC9A43} = {8E4312B0-3AE8-42CB-A2ED-CB8E39B39CD4}
		{0D1B0286-01ED-4DB6-9D7B-EF03F4E4C449} = {3DDC5DF0-0321-41EA-B556-022CEE509815}
		{9C74ECCA-976C-4DA2-869E-BDBBF59158C5} = {3DDC5DF0-0321-41EA-B556-022CEE509815}
		{BE9B1AAD-7C29-441C-912A-44670B473EBA} = {8E4312B0-3AE8-42CB-A2ED-CB8E39B39CD4}
		{EE8D1676-E7FD-48F3-9D6E-B339B4365709} = {7167B5F4-71C4-4991-9879-EEBA6CA3AEB2}
		{AADD9322-B793-4262-AE40-DE72985E2D2C} = {8E4312B0-3AE8-42CB-A2ED-CB8E39B39CD4}
		{D3D44AE7-232F-4860-940E-3F1D64EDC631} = {8E4312B0-3AE8-42CB-A2ED-CB8E39B39CD4}
		{3419E5FE-6FEE-45A2-8962-94D61B12105F} = {8E4312B0-3AE8-42CB-A2ED-CB8E39B39CD4}
		{CAB36736-3B45-4DE4-8255-B2CCA7834DEE} = {8E4312B0-3AE8-42CB-A2ED-CB8E39B39CD4}
		{1164E3C6-D5B4-41AB-BCE0-378ACAD80567} = {8E4312B0-3AE8-42CB-A2ED-CB8E39B39CD4}
		{03BFE820-D94C-480C-A511-209E0EAD8D6B} = {8E4312B0-3AE8-42CB-A2ED-CB8E39B39CD4}
		{8E4312B0-3AE8-42CB-A2ED-CB8E39B39CD4} = {0263B9CC-A5D0-433C-82D2-20AAD99BAE40}
		{3DDC5DF0-0321-41EA-B556-022CEE509815} = {0263B9CC-A5D0-433C-82D2-20AAD99BAE40}
		{F23F1C19-7F80-41CC-86F7-F720C6D3C43B} = {0263B9CC-A5D0-433C-82D2-20AAD99BAE40}
	EndGlobalSection
	GlobalSection(ExtensibilityGlobals) = postSolution
		SolutionGuid = {34648007-CC4C-4A8D-91A2-485820AFC9A9}
	EndGlobalSection
EndGlobal
